// !$*UTF8*$!
{
	archiveVersion = 1;
	classes = {
	};
	objectVersion = 46;
	objects = {

/* Begin PBXBuildFile section */
		9C0751B81E948AE900953C0A /* EventsTableTableViewCell.swift in Sources */ = {isa = PBXBuildFile; fileRef = 9C0751B71E948AE900953C0A /* EventsTableTableViewCell.swift */; };
		9C439BB31E022EFC006F8634 /* AppDelegate.swift in Sources */ = {isa = PBXBuildFile; fileRef = 9C439BB21E022EFC006F8634 /* AppDelegate.swift */; };
		9C439BBA1E022EFC006F8634 /* Assets.xcassets in Resources */ = {isa = PBXBuildFile; fileRef = 9C439BB91E022EFC006F8634 /* Assets.xcassets */; };
		9C439BBD1E022EFC006F8634 /* LaunchScreen.storyboard in Resources */ = {isa = PBXBuildFile; fileRef = 9C439BBB1E022EFC006F8634 /* LaunchScreen.storyboard */; };
		9C439BC51E022F07006F8634 /* Event.swift in Sources */ = {isa = PBXBuildFile; fileRef = 9C439BC41E022F07006F8634 /* Event.swift */; };
		9C439BCD1E023402006F8634 /* APIManager.swift in Sources */ = {isa = PBXBuildFile; fileRef = 9C439BCC1E023402006F8634 /* APIManager.swift */; };
		9C498A1A1E92F9CA005CEDDD /* MusicViewController.swift in Sources */ = {isa = PBXBuildFile; fileRef = 9C498A191E92F9CA005CEDDD /* MusicViewController.swift */; };
		9C4E2F261E9C7CDB009F84CB /* GoogleService-Info.plist in Resources */ = {isa = PBXBuildFile; fileRef = 9C4E2F251E9C7CDB009F84CB /* GoogleService-Info.plist */; };
		9C4E2F281E9C7CDE009F84CB /* LoginViewController.swift in Sources */ = {isa = PBXBuildFile; fileRef = 9C4E2F271E9C7CDE009F84CB /* LoginViewController.swift */; };
		9C778C091EB13DBA00226C56 /* HomeViewController.swift in Sources */ = {isa = PBXBuildFile; fileRef = 9C778C081EB13DBA00226C56 /* HomeViewController.swift */; };
		9C778C0B1EB13E8B00226C56 /* EventsCollectionViewCell.swift in Sources */ = {isa = PBXBuildFile; fileRef = 9C778C0A1EB13E8B00226C56 /* EventsCollectionViewCell.swift */; };
		9C778C551EB7B61F00226C56 /* EventsViewController.swift in Sources */ = {isa = PBXBuildFile; fileRef = 9C778C541EB7B61F00226C56 /* EventsViewController.swift */; };
		E256663F7BBD1A8F2A26C2ED /* Pods_Euphoria.framework in Frameworks */ = {isa = PBXBuildFile; fileRef = 62BA750BF6C3EA6BE8C9426C /* Pods_Euphoria.framework */; };
/* End PBXBuildFile section */

/* Begin PBXFileReference section */
		62BA750BF6C3EA6BE8C9426C /* Pods_Euphoria.framework */ = {isa = PBXFileReference; explicitFileType = wrapper.framework; includeInIndex = 0; path = Pods_Euphoria.framework; sourceTree = BUILT_PRODUCTS_DIR; };
		675BB7B18DAC35CB345FA363 /* Pods-Euphoria.debug.xcconfig */ = {isa = PBXFileReference; includeInIndex = 1; lastKnownFileType = text.xcconfig; name = "Pods-Euphoria.debug.xcconfig"; path = "Pods/Target Support Files/Pods-Euphoria/Pods-Euphoria.debug.xcconfig"; sourceTree = "<group>"; };
		8798762B10E9E09D563B4899 /* Pods-Euphoria.release.xcconfig */ = {isa = PBXFileReference; includeInIndex = 1; lastKnownFileType = text.xcconfig; name = "Pods-Euphoria.release.xcconfig"; path = "Pods/Target Support Files/Pods-Euphoria/Pods-Euphoria.release.xcconfig"; sourceTree = "<group>"; };
		9C0751B71E948AE900953C0A /* EventsTableTableViewCell.swift */ = {isa = PBXFileReference; fileEncoding = 4; lastKnownFileType = sourcecode.swift; path = EventsTableTableViewCell.swift; sourceTree = "<group>"; };
		9C439BAF1E022EFC006F8634 /* Euphoria.app */ = {isa = PBXFileReference; explicitFileType = wrapper.application; includeInIndex = 0; path = Euphoria.app; sourceTree = BUILT_PRODUCTS_DIR; };
		9C439BB21E022EFC006F8634 /* AppDelegate.swift */ = {isa = PBXFileReference; lastKnownFileType = sourcecode.swift; path = AppDelegate.swift; sourceTree = "<group>"; };
		9C439BB91E022EFC006F8634 /* Assets.xcassets */ = {isa = PBXFileReference; lastKnownFileType = folder.assetcatalog; path = Assets.xcassets; sourceTree = "<group>"; };
		9C439BBC1E022EFC006F8634 /* Base */ = {isa = PBXFileReference; lastKnownFileType = file.storyboard; name = Base; path = Base.lproj/LaunchScreen.storyboard; sourceTree = "<group>"; };
		9C439BBE1E022EFC006F8634 /* Info.plist */ = {isa = PBXFileReference; lastKnownFileType = text.plist.xml; path = Info.plist; sourceTree = "<group>"; };
		9C439BC41E022F07006F8634 /* Event.swift */ = {isa = PBXFileReference; fileEncoding = 4; lastKnownFileType = sourcecode.swift; name = Event.swift; path = ../Event.swift; sourceTree = "<group>"; };
		9C439BCC1E023402006F8634 /* APIManager.swift */ = {isa = PBXFileReference; fileEncoding = 4; lastKnownFileType = sourcecode.swift; path = APIManager.swift; sourceTree = "<group>"; };
		9C498A191E92F9CA005CEDDD /* MusicViewController.swift */ = {isa = PBXFileReference; fileEncoding = 4; lastKnownFileType = sourcecode.swift; path = MusicViewController.swift; sourceTree = "<group>"; };
		9C4E2F241E9C7CD8009F84CB /* Euphoria.entitlements */ = {isa = PBXFileReference; fileEncoding = 4; lastKnownFileType = text.plist.entitlements; path = Euphoria.entitlements; sourceTree = "<group>"; };
		9C4E2F251E9C7CDB009F84CB /* GoogleService-Info.plist */ = {isa = PBXFileReference; fileEncoding = 4; lastKnownFileType = text.plist.xml; path = "GoogleService-Info.plist"; sourceTree = "<group>"; };
		9C4E2F271E9C7CDE009F84CB /* LoginViewController.swift */ = {isa = PBXFileReference; fileEncoding = 4; lastKnownFileType = sourcecode.swift; path = LoginViewController.swift; sourceTree = "<group>"; };
		9C778C081EB13DBA00226C56 /* HomeViewController.swift */ = {isa = PBXFileReference; fileEncoding = 4; lastKnownFileType = sourcecode.swift; path = HomeViewController.swift; sourceTree = "<group>"; };
		9C778C0A1EB13E8B00226C56 /* EventsCollectionViewCell.swift */ = {isa = PBXFileReference; fileEncoding = 4; lastKnownFileType = sourcecode.swift; path = EventsCollectionViewCell.swift; sourceTree = "<group>"; };
		9C778C541EB7B61F00226C56 /* EventsViewController.swift */ = {isa = PBXFileReference; fileEncoding = 4; lastKnownFileType = sourcecode.swift; path = EventsViewController.swift; sourceTree = "<group>"; };
/* End PBXFileReference section */

/* Begin PBXFrameworksBuildPhase section */
		9C439BAC1E022EFC006F8634 /* Frameworks */ = {
			isa = PBXFrameworksBuildPhase;
			buildActionMask = 2147483647;
			files = (
				E256663F7BBD1A8F2A26C2ED /* Pods_Euphoria.framework in Frameworks */,
			);
			runOnlyForDeploymentPostprocessing = 0;
		};
/* End PBXFrameworksBuildPhase section */

/* Begin PBXGroup section */
		14A0241D57BAE44F49CD54A7 /* Pods */ = {
			isa = PBXGroup;
			children = (
				675BB7B18DAC35CB345FA363 /* Pods-Euphoria.debug.xcconfig */,
				8798762B10E9E09D563B4899 /* Pods-Euphoria.release.xcconfig */,
			);
			name = Pods;
			sourceTree = "<group>";
		};
		8DDA3306474B3265B1F2678D /* Frameworks */ = {
			isa = PBXGroup;
			children = (
				62BA750BF6C3EA6BE8C9426C /* Pods_Euphoria.framework */,
			);
			name = Frameworks;
			sourceTree = "<group>";
		};
		9C439BA61E022EFC006F8634 = {
			isa = PBXGroup;
			children = (
				9C439BB11E022EFC006F8634 /* Euphoria */,
				9C439BB01E022EFC006F8634 /* Products */,
				14A0241D57BAE44F49CD54A7 /* Pods */,
				8DDA3306474B3265B1F2678D /* Frameworks */,
			);
			sourceTree = "<group>";
		};
		9C439BB01E022EFC006F8634 /* Products */ = {
			isa = PBXGroup;
			children = (
				9C439BAF1E022EFC006F8634 /* Euphoria.app */,
			);
			name = Products;
			sourceTree = "<group>";
		};
		9C439BB11E022EFC006F8634 /* Euphoria */ = {
			isa = PBXGroup;
			children = (
				9C4E2F241E9C7CD8009F84CB /* Euphoria.entitlements */,
				9C439BB21E022EFC006F8634 /* AppDelegate.swift */,
				9C439BBB1E022EFC006F8634 /* LaunchScreen.storyboard */,
				9C439BCE1E023405006F8634 /* APIManager */,
				9C439BC61E022F0B006F8634 /* Model */,
				9C439BC71E022F10006F8634 /* ViewController */,
				9C439BC91E022F25006F8634 /* Helper */,
			);
			path = Euphoria;
			sourceTree = "<group>";
		};
		9C439BC61E022F0B006F8634 /* Model */ = {
			isa = PBXGroup;
			children = (
				9C439BC41E022F07006F8634 /* Event.swift */,
			);
			name = Model;
			sourceTree = "<group>";
		};
		9C439BC71E022F10006F8634 /* ViewController */ = {
			isa = PBXGroup;
			children = (
				9C778C541EB7B61F00226C56 /* EventsViewController.swift */,
				9C778C081EB13DBA00226C56 /* HomeViewController.swift */,
				9C498A191E92F9CA005CEDDD /* MusicViewController.swift */,
				9C4E2F271E9C7CDE009F84CB /* LoginViewController.swift */,
				9C778C0C1EB13E9400226C56 /* Cells */,
			);
			name = ViewController;
			sourceTree = "<group>";
		};
		9C439BC91E022F25006F8634 /* Helper */ = {
			isa = PBXGroup;
			children = (
				9C4E2F251E9C7CDB009F84CB /* GoogleService-Info.plist */,
				9C439BBE1E022EFC006F8634 /* Info.plist */,
				9C439BB91E022EFC006F8634 /* Assets.xcassets */,
			);
			name = Helper;
			sourceTree = "<group>";
		};
		9C439BCE1E023405006F8634 /* APIManager */ = {
			isa = PBXGroup;
			children = (
				9C439BCC1E023402006F8634 /* APIManager.swift */,
			);
			name = APIManager;
			sourceTree = "<group>";
		};
		9C778C0C1EB13E9400226C56 /* Cells */ = {
			isa = PBXGroup;
			children = (
				9C778C0A1EB13E8B00226C56 /* EventsCollectionViewCell.swift */,
				9C0751B71E948AE900953C0A /* EventsTableTableViewCell.swift */,
			);
			name = Cells;
			sourceTree = "<group>";
		};
/* End PBXGroup section */

/* Begin PBXNativeTarget section */
		9C439BAE1E022EFC006F8634 /* Euphoria */ = {
			isa = PBXNativeTarget;
			buildConfigurationList = 9C439BC11E022EFC006F8634 /* Build configuration list for PBXNativeTarget "Euphoria" */;
			buildPhases = (
				1C8FA18C6681C4F0A9317AF0 /* [CP] Check Pods Manifest.lock */,
				9C439BAB1E022EFC006F8634 /* Sources */,
				9C439BAC1E022EFC006F8634 /* Frameworks */,
				9C439BAD1E022EFC006F8634 /* Resources */,
				196D418B66378A223160C93A /* [CP] Embed Pods Frameworks */,
				9C8BBB94A05B0AE782B95ED5 /* [CP] Copy Pods Resources */,
			);
			buildRules = (
			);
			dependencies = (
			);
			name = Euphoria;
			productName = Euphoria;
			productReference = 9C439BAF1E022EFC006F8634 /* Euphoria.app */;
			productType = "com.apple.product-type.application";
		};
/* End PBXNativeTarget section */

/* Begin PBXProject section */
		9C439BA71E022EFC006F8634 /* Project object */ = {
			isa = PBXProject;
			attributes = {
				LastSwiftUpdateCheck = 0800;
				LastUpgradeCheck = 0800;
				ORGANIZATIONNAME = "Annie Tung";
				TargetAttributes = {
					9C439BAE1E022EFC006F8634 = {
						CreatedOnToolsVersion = 8.0;
						DevelopmentTeam = 9F7X637BX9;
						ProvisioningStyle = Automatic;
						SystemCapabilities = {
							com.apple.Keychain = {
								enabled = 1;
							};
						};
					};
				};
			};
			buildConfigurationList = 9C439BAA1E022EFC006F8634 /* Build configuration list for PBXProject "Euphoria" */;
			compatibilityVersion = "Xcode 3.2";
			developmentRegion = English;
			hasScannedForEncodings = 0;
			knownRegions = (
				en,
				Base,
			);
			mainGroup = 9C439BA61E022EFC006F8634;
			productRefGroup = 9C439BB01E022EFC006F8634 /* Products */;
			projectDirPath = "";
			projectRoot = "";
			targets = (
				9C439BAE1E022EFC006F8634 /* Euphoria */,
			);
		};
/* End PBXProject section */

/* Begin PBXResourcesBuildPhase section */
		9C439BAD1E022EFC006F8634 /* Resources */ = {
			isa = PBXResourcesBuildPhase;
			buildActionMask = 2147483647;
			files = (
				9C439BBD1E022EFC006F8634 /* LaunchScreen.storyboard in Resources */,
				9C439BBA1E022EFC006F8634 /* Assets.xcassets in Resources */,
				9C4E2F261E9C7CDB009F84CB /* GoogleService-Info.plist in Resources */,
			);
			runOnlyForDeploymentPostprocessing = 0;
		};
/* End PBXResourcesBuildPhase section */

/* Begin PBXShellScriptBuildPhase section */
		196D418B66378A223160C93A /* [CP] Embed Pods Frameworks */ = {
			isa = PBXShellScriptBuildPhase;
			buildActionMask = 2147483647;
			files = (
			);
			inputPaths = (
			);
			name = "[CP] Embed Pods Frameworks";
			outputPaths = (
			);
			runOnlyForDeploymentPostprocessing = 0;
			shellPath = /bin/sh;
			shellScript = "\"${SRCROOT}/Pods/Target Support Files/Pods-Euphoria/Pods-Euphoria-frameworks.sh\"\n";
			showEnvVarsInLog = 0;
		};
		1C8FA18C6681C4F0A9317AF0 /* [CP] Check Pods Manifest.lock */ = {
			isa = PBXShellScriptBuildPhase;
			buildActionMask = 2147483647;
			files = (
			);
			inputPaths = (
			);
			name = "[CP] Check Pods Manifest.lock";
			outputPaths = (
			);
			runOnlyForDeploymentPostprocessing = 0;
			shellPath = /bin/sh;
			shellScript = "diff \"${PODS_ROOT}/../Podfile.lock\" \"${PODS_ROOT}/Manifest.lock\" > /dev/null\nif [ $? != 0 ] ; then\n    # print error to STDERR\n    echo \"error: The sandbox is not in sync with the Podfile.lock. Run 'pod install' or update your CocoaPods installation.\" >&2\n    exit 1\nfi\n";
			showEnvVarsInLog = 0;
		};
		9C8BBB94A05B0AE782B95ED5 /* [CP] Copy Pods Resources */ = {
			isa = PBXShellScriptBuildPhase;
			buildActionMask = 2147483647;
			files = (
			);
			inputPaths = (
			);
			name = "[CP] Copy Pods Resources";
			outputPaths = (
			);
			runOnlyForDeploymentPostprocessing = 0;
			shellPath = /bin/sh;
			shellScript = "\"${SRCROOT}/Pods/Target Support Files/Pods-Euphoria/Pods-Euphoria-resources.sh\"\n";
			showEnvVarsInLog = 0;
		};
/* End PBXShellScriptBuildPhase section */

/* Begin PBXSourcesBuildPhase section */
		9C439BAB1E022EFC006F8634 /* Sources */ = {
			isa = PBXSourcesBuildPhase;
			buildActionMask = 2147483647;
			files = (
				9C4E2F281E9C7CDE009F84CB /* LoginViewController.swift in Sources */,
				9C498A1A1E92F9CA005CEDDD /* MusicViewController.swift in Sources */,
				9C439BC51E022F07006F8634 /* Event.swift in Sources */,
				9C778C091EB13DBA00226C56 /* HomeViewController.swift in Sources */,
				9C439BCD1E023402006F8634 /* APIManager.swift in Sources */,
				9C778C0B1EB13E8B00226C56 /* EventsCollectionViewCell.swift in Sources */,
				9C0751B81E948AE900953C0A /* EventsTableTableViewCell.swift in Sources */,
				9C439BB31E022EFC006F8634 /* AppDelegate.swift in Sources */,
				9C778C551EB7B61F00226C56 /* EventsViewController.swift in Sources */,
			);
			runOnlyForDeploymentPostprocessing = 0;
		};
/* End PBXSourcesBuildPhase section */

/* Begin PBXVariantGroup section */
		9C439BBB1E022EFC006F8634 /* LaunchScreen.storyboard */ = {
			isa = PBXVariantGroup;
			children = (
				9C439BBC1E022EFC006F8634 /* Base */,
			);
			name = LaunchScreen.storyboard;
			sourceTree = "<group>";
		};
/* End PBXVariantGroup section */

/* Begin XCBuildConfiguration section */
		9C439BBF1E022EFC006F8634 /* Debug */ = {
			isa = XCBuildConfiguration;
			buildSettings = {
				ALWAYS_SEARCH_USER_PATHS = NO;
				CLANG_ANALYZER_NONNULL = YES;
				CLANG_CXX_LANGUAGE_STANDARD = "gnu++0x";
				CLANG_CXX_LIBRARY = "libc++";
				CLANG_ENABLE_MODULES = YES;
				CLANG_ENABLE_OBJC_ARC = YES;
				CLANG_WARN_BOOL_CONVERSION = YES;
				CLANG_WARN_CONSTANT_CONVERSION = YES;
				CLANG_WARN_DIRECT_OBJC_ISA_USAGE = YES_ERROR;
				CLANG_WARN_DOCUMENTATION_COMMENTS = YES;
				CLANG_WARN_EMPTY_BODY = YES;
				CLANG_WARN_ENUM_CONVERSION = YES;
				CLANG_WARN_INFINITE_RECURSION = YES;
				CLANG_WARN_INT_CONVERSION = YES;
				CLANG_WARN_OBJC_ROOT_CLASS = YES_ERROR;
				CLANG_WARN_SUSPICIOUS_MOVES = YES;
				CLANG_WARN_UNREACHABLE_CODE = YES;
				CLANG_WARN__DUPLICATE_METHOD_MATCH = YES;
				"CODE_SIGN_IDENTITY[sdk=iphoneos*]" = "iPhone Developer";
				COPY_PHASE_STRIP = NO;
				DEBUG_INFORMATION_FORMAT = dwarf;
				ENABLE_STRICT_OBJC_MSGSEND = YES;
				ENABLE_TESTABILITY = YES;
				GCC_C_LANGUAGE_STANDARD = gnu99;
				GCC_DYNAMIC_NO_PIC = NO;
				GCC_NO_COMMON_BLOCKS = YES;
				GCC_OPTIMIZATION_LEVEL = 0;
				GCC_PREPROCESSOR_DEFINITIONS = (
					"DEBUG=1",
					"$(inherited)",
				);
				GCC_WARN_64_TO_32_BIT_CONVERSION = YES;
				GCC_WARN_ABOUT_RETURN_TYPE = YES_ERROR;
				GCC_WARN_UNDECLARED_SELECTOR = YES;
				GCC_WARN_UNINITIALIZED_AUTOS = YES_AGGRESSIVE;
				GCC_WARN_UNUSED_FUNCTION = YES;
				GCC_WARN_UNUSED_VARIABLE = YES;
				IPHONEOS_DEPLOYMENT_TARGET = 10.0;
				MTL_ENABLE_DEBUG_INFO = YES;
				ONLY_ACTIVE_ARCH = YES;
				SDKROOT = iphoneos;
				SWIFT_ACTIVE_COMPILATION_CONDITIONS = DEBUG;
				SWIFT_OPTIMIZATION_LEVEL = "-Onone";
				TARGETED_DEVICE_FAMILY = "1,2";
			};
			name = Debug;
		};
		9C439BC01E022EFC006F8634 /* Release */ = {
			isa = XCBuildConfiguration;
			buildSettings = {
				ALWAYS_SEARCH_USER_PATHS = NO;
				CLANG_ANALYZER_NONNULL = YES;
				CLANG_CXX_LANGUAGE_STANDARD = "gnu++0x";
				CLANG_CXX_LIBRARY = "libc++";
				CLANG_ENABLE_MODULES = YES;
				CLANG_ENABLE_OBJC_ARC = YES;
				CLANG_WARN_BOOL_CONVERSION = YES;
				CLANG_WARN_CONSTANT_CONVERSION = YES;
				CLANG_WARN_DIRECT_OBJC_ISA_USAGE = YES_ERROR;
				CLANG_WARN_DOCUMENTATION_COMMENTS = YES;
				CLANG_WARN_EMPTY_BODY = YES;
				CLANG_WARN_ENUM_CONVERSION = YES;
				CLANG_WARN_INFINITE_RECURSION = YES;
				CLANG_WARN_INT_CONVERSION = YES;
				CLANG_WARN_OBJC_ROOT_CLASS = YES_ERROR;
				CLANG_WARN_SUSPICIOUS_MOVES = YES;
				CLANG_WARN_UNREACHABLE_CODE = YES;
				CLANG_WARN__DUPLICATE_METHOD_MATCH = YES;
				"CODE_SIGN_IDENTITY[sdk=iphoneos*]" = "iPhone Developer";
				COPY_PHASE_STRIP = NO;
				DEBUG_INFORMATION_FORMAT = "dwarf-with-dsym";
				ENABLE_NS_ASSERTIONS = NO;
				ENABLE_STRICT_OBJC_MSGSEND = YES;
				GCC_C_LANGUAGE_STANDARD = gnu99;
				GCC_NO_COMMON_BLOCKS = YES;
				GCC_WARN_64_TO_32_BIT_CONVERSION = YES;
				GCC_WARN_ABOUT_RETURN_TYPE = YES_ERROR;
				GCC_WARN_UNDECLARED_SELECTOR = YES;
				GCC_WARN_UNINITIALIZED_AUTOS = YES_AGGRESSIVE;
				GCC_WARN_UNUSED_FUNCTION = YES;
				GCC_WARN_UNUSED_VARIABLE = YES;
				IPHONEOS_DEPLOYMENT_TARGET = 10.0;
				MTL_ENABLE_DEBUG_INFO = NO;
				SDKROOT = iphoneos;
				SWIFT_OPTIMIZATION_LEVEL = "-Owholemodule";
				TARGETED_DEVICE_FAMILY = "1,2";
				VALIDATE_PRODUCT = YES;
			};
			name = Release;
		};
		9C439BC21E022EFC006F8634 /* Debug */ = {
			isa = XCBuildConfiguration;
			baseConfigurationReference = 675BB7B18DAC35CB345FA363 /* Pods-Euphoria.debug.xcconfig */;
			buildSettings = {
				ASSETCATALOG_COMPILER_APPICON_NAME = AppIcon;
				CODE_SIGN_ENTITLEMENTS = Euphoria/Euphoria.entitlements;
				DEVELOPMENT_TEAM = 9F7X637BX9;
				INFOPLIST_FILE = Euphoria/Info.plist;
				LD_RUNPATH_SEARCH_PATHS = "$(inherited) @executable_path/Frameworks";
				PRODUCT_BUNDLE_IDENTIFIER = tung.annie.c4q.Euphoria;
				PRODUCT_NAME = "$(TARGET_NAME)";
				SWIFT_VERSION = 3.0;
			};
			name = Debug;
		};
		9C439BC31E022EFC006F8634 /* Release */ = {
			isa = XCBuildConfiguration;
			baseConfigurationReference = 8798762B10E9E09D563B4899 /* Pods-Euphoria.release.xcconfig */;
			buildSettings = {
				ASSETCATALOG_COMPILER_APPICON_NAME = AppIcon;
				CODE_SIGN_ENTITLEMENTS = Euphoria/Euphoria.entitlements;
				DEVELOPMENT_TEAM = 9F7X637BX9;
				INFOPLIST_FILE = Euphoria/Info.plist;
				LD_RUNPATH_SEARCH_PATHS = "$(inherited) @executable_path/Frameworks";
				PRODUCT_BUNDLE_IDENTIFIER = tung.annie.c4q.Euphoria;
				PRODUCT_NAME = "$(TARGET_NAME)";
				SWIFT_VERSION = 3.0;
			};
			name = Release;
		};
/* End XCBuildConfiguration section */

/* Begin XCConfigurationList section */
		9C439BAA1E022EFC006F8634 /* Build configuration list for PBXProject "Euphoria" */ = {
			isa = XCConfigurationList;
			buildConfigurations = (
				9C439BBF1E022EFC006F8634 /* Debug */,
				9C439BC01E022EFC006F8634 /* Release */,
			);
			defaultConfigurationIsVisible = 0;
			defaultConfigurationName = Release;
		};
		9C439BC11E022EFC006F8634 /* Build configuration list for PBXNativeTarget "Euphoria" */ = {
			isa = XCConfigurationList;
			buildConfigurations = (
				9C439BC21E022EFC006F8634 /* Debug */,
				9C439BC31E022EFC006F8634 /* Release */,
			);
			defaultConfigurationIsVisible = 0;
			defaultConfigurationName = Release;
		};
/* End XCConfigurationList section */
	};
	rootObject = 9C439BA71E022EFC006F8634 /* Project object */;
}
